
Microsoft Visual Studio Solution File, Format Version 12.00
# Visual Studio Version 16
VisualStudioVersion = 16.0.30011.22
MinimumVisualStudioVersion = 10.0.40219.1
Project("{FAE04EC0-301F-11D3-BF4B-00C04F79EFBC}") = "HomeWork7", "HomeWork7\HomeWork7.csproj", "{15E0C8AF-2EB2-4635-9664-3616DD5A626B}"
EndProject
Project("{FAE04EC0-301F-11D3-BF4B-00C04F79EFBC}") = "HomeWork7.2", "HomeWork7.2\HomeWork7.2.csproj", "{3DE23E4F-464A-4D24-B994-7E8F149919CB}"
EndProject
Global
	GlobalSection(SolutionConfigurationPlatforms) = preSolution
		Debug|Any CPU = Debug|Any CPU
		Release|Any CPU = Release|Any CPU
	EndGlobalSection
	GlobalSection(ProjectConfigurationPlatforms) = postSolution
		{15E0C8AF-2EB2-4635-9664-3616DD5A626B}.Debug|Any CPU.ActiveCfg = Debug|Any CPU
		{15E0C8AF-2EB2-4635-9664-3616DD5A626B}.Debug|Any CPU.Build.0 = Debug|Any CPU
		{15E0C8AF-2EB2-4635-9664-3616DD5A626B}.Release|Any CPU.ActiveCfg = Release|Any CPU
		{15E0C8AF-2EB2-4635-9664-3616DD5A626B}.Release|Any CPU.Build.0 = Release|Any CPU
		{3DE23E4F-464A-4D24-B994-7E8F149919CB}.Debug|Any CPU.ActiveCfg = Debug|Any CPU
		{3DE23E4F-464A-4D24-B994-7E8F149919CB}.Debug|Any CPU.Build.0 = Debug|Any CPU
		{3DE23E4F-464A-4D24-B994-7E8F149919CB}.Release|Any CPU.ActiveCfg = Release|Any CPU
		{3DE23E4F-464A-4D24-B994-7E8F149919CB}.Release|Any CPU.Build.0 = Release|Any CPU
	EndGlobalSection
	GlobalSection(SolutionProperties) = preSolution
		HideSolutionNode = FALSE
	EndGlobalSection
	GlobalSection(ExtensibilityGlobals) = postSolution
		SolutionGuid = {24462864-F41F-4134-B3FB-284A3EF2A313}
	EndGlobalSection
EndGlobal
