
Microsoft Visual Studio Solution File, Format Version 12.00
# Visual Studio Version 16
VisualStudioVersion = 16.0.30011.22
MinimumVisualStudioVersion = 10.0.40219.1
Project("{FAE04EC0-301F-11D3-BF4B-00C04F79EFBC}") = "HomeWork6", "HomeWork6\HomeWork6.csproj", "{F707FA21-6273-408C-9123-A65F6C4F8388}"
EndProject
Global
	GlobalSection(SolutionConfigurationPlatforms) = preSolution
		Debug|Any CPU = Debug|Any CPU
		Release|Any CPU = Release|Any CPU
	EndGlobalSection
	GlobalSection(ProjectConfigurationPlatforms) = postSolution
		{F707FA21-6273-408C-9123-A65F6C4F8388}.Debug|Any CPU.ActiveCfg = Debug|Any CPU
		{F707FA21-6273-408C-9123-A65F6C4F8388}.Debug|Any CPU.Build.0 = Debug|Any CPU
		{F707FA21-6273-408C-9123-A65F6C4F8388}.Release|Any CPU.ActiveCfg = Release|Any CPU
		{F707FA21-6273-408C-9123-A65F6C4F8388}.Release|Any CPU.Build.0 = Release|Any CPU
	EndGlobalSection
	GlobalSection(SolutionProperties) = preSolution
		HideSolutionNode = FALSE
	EndGlobalSection
	GlobalSection(ExtensibilityGlobals) = postSolution
		SolutionGuid = {E4E3F655-AAF9-4A0A-90B5-F9610BC9DE6D}
	EndGlobalSection
EndGlobal
